
Microsoft Visual Studio Solution File, Format Version 12.00
# Visual Studio 15
VisualStudioVersion = 15.0.28010.2046
MinimumVisualStudioVersion = 10.0.40219.1
Project("{888888A0-9F3D-457C-B088-3A5042F75D52}") = "ProjectPython", "ProjectPython.pyproj", "{E252D779-472F-493C-B9AE-E528C532240F}"
EndProject
Global
	GlobalSection(SolutionConfigurationPlatforms) = preSolution
		Debug|Any CPU = Debug|Any CPU
		Release|Any CPU = Release|Any CPU
	EndGlobalSection
	GlobalSection(ProjectConfigurationPlatforms) = postSolution
		{E252D779-472F-493C-B9AE-E528C532240F}.Debug|Any CPU.ActiveCfg = Debug|Any CPU
		{E252D779-472F-493C-B9AE-E528C532240F}.Release|Any CPU.ActiveCfg = Release|Any CPU
	EndGlobalSection
	GlobalSection(SolutionProperties) = preSolution
		HideSolutionNode = FALSE
	EndGlobalSection
	GlobalSection(ExtensibilityGlobals) = postSolution
		SolutionGuid = {304263FB-5C62-44FC-84C6-84453914B1E9}
	EndGlobalSection
EndGlobal
